<?xml version="1.0" encoding="utf-8"?>
<Project ToolsVersion="4.0" xmlns="http://schemas.microsoft.com/developer/msbuild/2003">
  <ItemGroup>
    <Filter Include="ftl">
      <UniqueIdentifier>{4FC737F1-C7A5-4376-A066-2A32D752A2FF}</UniqueIdentifier>
      <Extensions>cpp;c;cc;cxx;c++;cppm;ixx;def;odl;idl;hpj;bat;asm;asmx</Extensions>
    </Filter>
    <Filter Include="nand">
      <UniqueIdentifier>{93995380-89BD-4b04-88EB-625FBE52EBFB}</UniqueIdentifier>
      <Extensions>h;hh;hpp;hxx;h++;hm;inl;inc;ipp;xsd</Extensions>
    </Filter>
    <Filter Include="com">
      <UniqueIdentifier>{2d3594ec-e25a-436d-a792-71d65fce5b70}</UniqueIdentifier>
    </Filter>
  </ItemGroup>
  <ItemGroup>
    <ClInclude Include="ftl.h">
      <Filter>ftl</Filter>
    </ClInclude>
    <ClInclude Include="nand.h">
      <Filter>nand</Filter>
    </ClInclude>
    <ClInclude Include="macro.h">
      <Filter>com</Filter>
    </ClInclude>
    <ClInclude Include="types.h">
      <Filter>com</Filter>
    </ClInclude>
    <ClInclude Include="util.h">
      <Filter>com</Filter>
    </ClInclude>
  </ItemGroup>
  <ItemGroup>
    <ClCompile Include="ftl.cpp">
      <Filter>ftl</Filter>
    </ClCompile>
    <ClCompile Include="test.cpp">
      <Filter>ftl</Filter>
    </ClCompile>
    <ClCompile Include="nand.cpp">
      <Filter>nand</Filter>
    </ClCompile>
    <ClCompile Include="util.cpp">
      <Filter>com</Filter>
    </ClCompile>
  </ItemGroup>
</Project>